
Microsoft Visual Studio Solution File, Format Version 12.00
# Visual Studio 15
Project("{FAE04EC0-301F-11D3-BF4B-00C04F79EFBC}") = "Assembly-CSharp", "Assembly-CSharp.csproj", "{1AA404D0-D438-D4D8-AAA7-BC0E77F0D579}"
EndProject
Project("{FAE04EC0-301F-11D3-BF4B-00C04F79EFBC}") = "Assembly-CSharp-Editor", "Assembly-CSharp-Editor.csproj", "{26358185-0FDD-85FC-EC34-40EA5A361042}"
EndProject
Global
	GlobalSection(SolutionConfigurationPlatforms) = preSolution
		Debug|Any CPU = Debug|Any CPU
		Release|Any CPU = Release|Any CPU
	EndGlobalSection
	GlobalSection(ProjectConfigurationPlatforms) = postSolution
		{1AA404D0-D438-D4D8-AAA7-BC0E77F0D579}.Debug|Any CPU.ActiveCfg = Debug|Any CPU
		{1AA404D0-D438-D4D8-AAA7-BC0E77F0D579}.Debug|Any CPU.Build.0 = Debug|Any CPU
		{1AA404D0-D438-D4D8-AAA7-BC0E77F0D579}.Release|Any CPU.ActiveCfg = Release|Any CPU
		{1AA404D0-D438-D4D8-AAA7-BC0E77F0D579}.Release|Any CPU.Build.0 = Release|Any CPU
		{26358185-0FDD-85FC-EC34-40EA5A361042}.Debug|Any CPU.ActiveCfg = Debug|Any CPU
		{26358185-0FDD-85FC-EC34-40EA5A361042}.Debug|Any CPU.Build.0 = Debug|Any CPU
		{26358185-0FDD-85FC-EC34-40EA5A361042}.Release|Any CPU.ActiveCfg = Release|Any CPU
		{26358185-0FDD-85FC-EC34-40EA5A361042}.Release|Any CPU.Build.0 = Release|Any CPU
	EndGlobalSection
	GlobalSection(SolutionProperties) = preSolution
		HideSolutionNode = FALSE
	EndGlobalSection
EndGlobal
